github.com/davecgh/go-spew v1.1.1/go.mod h1:J7Y8YcW2NihsgmVo/mv3lAwl/skON4iLHjSsI+c5H38=
github.com/decred/dcrd/chaincfg/chainhash v1.0.2/go.mod h1:BpbrGgrPTr3YJYRN3Bm+D9NuaFd+zGyNeIKgrhCXK60=
github.com/decred/dcrd/crypto/blake256 v1.0.0/go.mod h1:sQl2p6Y26YV+ZOcSTP6thNdn47hh8kt6rqSlvmrXFAc=
github.com/decred/dcrd/dcrec v1.0.1 h1:gDzlndw0zYxM5BlaV17d7ZJV6vhRe9njPBFeg4Db2UY=
github.com/decred/dcrd/dcrec v1.0.1/go.mod h1:CO+EJd8eHFb8WHa84C7ZBkXsNUIywaTHb+UAuI5uo6o=
github.com/decred/dcrd/dcrec/secp256k1 v1.0.4 h1:0XErmfJBiVbl0NvyclGn4jr+1hIylDf5beFi9W0o7Fc=
github.com/decred/dcrd/dcrec/secp256k1 v1.0.4/go.mod h1:00z7mJdugt+GBAzPN1QrDRGCXxyKUiexEHu6ukxEw3k=
github.com/decred/dcrd/dcrec/secp256k1/v2 v2.0.0/go.mod h1:3s92l0paYkZoIHuj4X93Teg/HB7eGM9x/zokGw+u4mY=
github.com/decred/dcrd/dcrec/secp256k1/v2 v2.0.1 h1:18HurQ6DfHeNvwIjvOmrgr44bPdtVaQAe/WWwHg9goM=
github.com/decred/dcrd/dcrec/secp256k1/v2 v2.0.1/go.mod h1:XmyzkaXBy7ZvHdrTAlXAjpog8qKSAWa3ze7yqzWmgmc=
github.com/decred/dcrd/dcrec/secp256k1/v4 v4.4.0 h1:NMZiJj8QnKe1LgsbDayM4UoHwbvwDRwnI3hwNaAHRnc=
github.com/decred/dcrd/dcrec/secp256k1/v4 v4.4.0/go.mod h1:ZXNYxsqcloTdSy/rNShjYzMhyjf0LaoftYK0p+A3h40=
github.com/ecies/go/v2 v2.0.11 h1:xYhtMdLiqNi02oLirFmLyNbVXw6250h3WM6zJryQdiM=
github.com/ecies/go/v2 v2.0.11/go.mod h1:LPRzoefP0Tam+1uesQOq3Gtb6M2OwlFUnXBTtBAKfDQ=
github.com/ethereum/go-ethereum v1.15.8 h1:H6NilvRXFVoHiXZ3zkuTqKW5XcxjLZniV5UjxJt1GJU=
github.com/ethereum/go-ethereum v1.15.8/go.mod h1:+S9k+jFzlyVTNcYGvqFhzN/SFhI6vA+aOY4T5tLSPL0=
golang.org/x/crypto v0.40.0 h1:r4x+VvoG5Fm+eJcxMaY8CQM7Lb0l1lsmjGBQ6s8BfKM=
golang.org/x/crypto v0.40.0/go.mod h1:Qr1vMER5WyS2dfPHAlsOj01wgLbsyWtFn/aY+5+ZdxY=
golang.org/x/sys v0.34.0 h1:H5Y5sJ2L2JRdyv7ROF1he/lPdvFsd0mJHFw2ThKHxLA=
golang.org/x/sys v0.34.0/go.mod h1:BJP2sWEmIv4KK5OTEluFJCKSidICx8ciO85XgH3Ak8k=
gopkg.in/check.v1 v0.0.0-20161208181325-20d25e280405/go.mod h1:Co6ibVJAznAaIkqp8huTwlJQCZ016jof/cbN4VW5Yz0=
gopkg.in/yaml.v3 v3.0.1 h1:fxVm/GzAzEWqLHuvctI91KS9hhNmmWOoWu0XTYJS7CA=
gopkg.in/yaml.v3 v3.0.1/go.mod h1:K4uyk7z7BCEPqu6E+C64Yfv1cQ7kz7rIZviUmN+EgEM=
